
Microsoft Visual Studio Solution File, Format Version 12.00
# Visual Studio Version 17
VisualStudioVersion = 17.9.34622.214
MinimumVisualStudioVersion = 10.0.40219.1
Project("{FAE04EC0-301F-11D3-BF4B-00C04F79EFBC}") = "Math X Mine", "WindowsFormsApp15\Math X Mine.csproj", "{52ECB437-5732-4F24-A927-37E252C83605}"
EndProject
Global
	GlobalSection(SolutionConfigurationPlatforms) = preSolution
		Debug|Any CPU = Debug|Any CPU
		Release|Any CPU = Release|Any CPU
	EndGlobalSection
	GlobalSection(ProjectConfigurationPlatforms) = postSolution
		{52ECB437-5732-4F24-A927-37E252C83605}.Debug|Any CPU.ActiveCfg = Debug|Any CPU
		{52ECB437-5732-4F24-A927-37E252C83605}.Debug|Any CPU.Build.0 = Debug|Any CPU
		{52ECB437-5732-4F24-A927-37E252C83605}.Release|Any CPU.ActiveCfg = Release|Any CPU
		{52ECB437-5732-4F24-A927-37E252C83605}.Release|Any CPU.Build.0 = Release|Any CPU
	EndGlobalSection
	GlobalSection(SolutionProperties) = preSolution
		HideSolutionNode = FALSE
	EndGlobalSection
	GlobalSection(ExtensibilityGlobals) = postSolution
		SolutionGuid = {26F89FB3-0FFD-4044-9A9C-BB7C86A583A7}
	EndGlobalSection
EndGlobal
